github.com/gorilla/websocket v1.5.3 h1:saDtZ6Pbx/0u+bgYQ3q96pZgCzfhKXGPqt7kZ72aNNg=
github.com/gorilla/websocket v1.5.3/go.mod h1:YR8l580nyteQvAITg2hZ9XVh4b55+EU/adAjf1fMHhE=
github.com/tomnomnom/linkheader v0.0.0-20250811210735-e5fe3b51442e h1:tD38/4xg4nuQCASJ/JxcvCHNb46w0cdAaJfkzQOO1bA=
github.com/tomnomnom/linkheader v0.0.0-20250811210735-e5fe3b51442e/go.mod h1:krvJ5AY/MjdPkTeRgMYbIDhbbbVvnPQPzsIsDJO8xrY=
